{
  "pins" : [
    {
      "identity" : "wwprint",
      "kind" : "remoteSourceControl",
      "location" : "https://github.com/William-Weng/WWPrint",
      "state" : {
        "revision" : "edb791ed5e59c0f4044810d21a89102a440e2fbd",
        "version" : "1.2.1"
      }
    },
    {
      "identity" : "wwscrollablemaskimageview",
      "kind" : "remoteSourceControl",
      "location" : "https://github.com/William-Weng/WWScrollableMaskImageView",
      "state" : {
        "revision" : "d1c38bc525a1455715cfb6f5f36cbd3d760b456c",
        "version" : "1.0.3"
      }
    }
  ],
  "version" : 2
}
