{
  "pins" : [
    {
      "identity" : "wwprint",
      "kind" : "remoteSourceControl",
      "location" : "https://github.com/William-Weng/WWPrint",
      "state" : {
        "revision" : "edb791ed5e59c0f4044810d21a89102a440e2fbd",
        "version" : "1.2.1"
      }
    },
    {
      "identity" : "wwscrollablemaskimageview",
      "kind" : "remoteSourceControl",
      "location" : "https://github.com/William-Weng/WWScrollableMaskImageView",
      "state" : {
        "revision" : "db8ce845d80a6df0422cfba32333ece8adbdfec9",
        "version" : "1.0.1"
      }
    }
  ],
  "version" : 2
}
